// !$*UTF8*$!
{
	archiveVersion = 1;
	classes = {
	};
	objectVersion = 50;
	objects = {

/* Begin PBXBuildFile section */
		17C41A3E212BBC6100779FCA /* AppDelegate.swift in Sources */ = {isa = PBXBuildFile; fileRef = 17C41A3D212BBC6100779FCA /* AppDelegate.swift */; };
		17C41A40212BBC6100779FCA /* ViewController.swift in Sources */ = {isa = PBXBuildFile; fileRef = 17C41A3F212BBC6100779FCA /* ViewController.swift */; };
		17C41A43212BBC6100779FCA /* Main.storyboard in Resources */ = {isa = PBXBuildFile; fileRef = 17C41A41212BBC6100779FCA /* Main.storyboard */; };
		17C41A45212BBC6200779FCA /* Assets.xcassets in Resources */ = {isa = PBXBuildFile; fileRef = 17C41A44212BBC6200779FCA /* Assets.xcassets */; };
		17C41A48212BBC6200779FCA /* LaunchScreen.storyboard in Resources */ = {isa = PBXBuildFile; fileRef = 17C41A46212BBC6200779FCA /* LaunchScreen.storyboard */; };
		17C41A53212BBC6200779FCA /* tipperTests.swift in Sources */ = {isa = PBXBuildFile; fileRef = 17C41A52212BBC6200779FCA /* tipperTests.swift */; };
		17C41A5E212BBC6300779FCA /* tipperUITests.swift in Sources */ = {isa = PBXBuildFile; fileRef = 17C41A5D212BBC6300779FCA /* tipperUITests.swift */; };
/* End PBXBuildFile section */

/* Begin PBXContainerItemProxy section */
		17C41A4F212BBC6200779FCA /* PBXContainerItemProxy */ = {
			isa = PBXContainerItemProxy;
			containerPortal = 17C41A32212BBC6100779FCA /* Project object */;
			proxyType = 1;
			remoteGlobalIDString = 17C41A39212BBC6100779FCA;
			remoteInfo = tipper;
		};
		17C41A5A212BBC6300779FCA /* PBXContainerItemProxy */ = {
			isa = PBXContainerItemProxy;
			containerPortal = 17C41A32212BBC6100779FCA /* Project object */;
			proxyType = 1;
			remoteGlobalIDString = 17C41A39212BBC6100779FCA;
			remoteInfo = tipper;
		};
/* End PBXContainerItemProxy section */

/* Begin PBXFileReference section */
		17C41A3A212BBC6100779FCA /* tipper.app */ = {isa = PBXFileReference; explicitFileType = wrapper.application; includeInIndex = 0; path = tipper.app; sourceTree = BUILT_PRODUCTS_DIR; };
		17C41A3D212BBC6100779FCA /* AppDelegate.swift */ = {isa = PBXFileReference; lastKnownFileType = sourcecode.swift; path = AppDelegate.swift; sourceTree = "<group>"; };
		17C41A3F212BBC6100779FCA /* ViewController.swift */ = {isa = PBXFileReference; lastKnownFileType = sourcecode.swift; path = ViewController.swift; sourceTree = "<group>"; };
		17C41A42212BBC6100779FCA /* Base */ = {isa = PBXFileReference; lastKnownFileType = file.storyboard; name = Base; path = Base.lproj/Main.storyboard; sourceTree = "<group>"; };
		17C41A44212BBC6200779FCA /* Assets.xcassets */ = {isa = PBXFileReference; lastKnownFileType = folder.assetcatalog; path = Assets.xcassets; sourceTree = "<group>"; };
		17C41A47212BBC6200779FCA /* Base */ = {isa = PBXFileReference; lastKnownFileType = file.storyboard; name = Base; path = Base.lproj/LaunchScreen.storyboard; sourceTree = "<group>"; };
		17C41A49212BBC6200779FCA /* Info.plist */ = {isa = PBXFileReference; lastKnownFileType = text.plist.xml; path = Info.plist; sourceTree = "<group>"; };
		17C41A4E212BBC6200779FCA /* tipperTests.xctest */ = {isa = PBXFileReference; explicitFileType = wrapper.cfbundle; includeInIndex = 0; path = tipperTests.xctest; sourceTree = BUILT_PRODUCTS_DIR; };
		17C41A52212BBC6200779FCA /* tipperTests.swift */ = {isa = PBXFileReference; lastKnownFileType = sourcecode.swift; path = tipperTests.swift; sourceTree = "<group>"; };
		17C41A54212BBC6300779FCA /* Info.plist */ = {isa = PBXFileReference; lastKnownFileType = text.plist.xml; path = Info.plist; sourceTree = "<group>"; };
		17C41A59212BBC6300779FCA /* tipperUITests.xctest */ = {isa = PBXFileReference; explicitFileType = wrapper.cfbundle; includeInIndex = 0; path = tipperUITests.xctest; sourceTree = BUILT_PRODUCTS_DIR; };
		17C41A5D212BBC6300779FCA /* tipperUITests.swift */ = {isa = PBXFileReference; lastKnownFileType = sourcecode.swift; path = tipperUITests.swift; sourceTree = "<group>"; };
		17C41A5F212BBC6300779FCA /* Info.plist */ = {isa = PBXFileReference; lastKnownFileType = text.plist.xml; path = Info.plist; sourceTree = "<group>"; };
/* End PBXFileReference section */

/* Begin PBXFrameworksBuildPhase section */
		17C41A37212BBC6100779FCA /* Frameworks */ = {
			isa = PBXFrameworksBuildPhase;
			buildActionMask = 2147483647;
			files = (
			);
			runOnlyForDeploymentPostprocessing = 0;
		};
		17C41A4B212BBC6200779FCA /* Frameworks */ = {
			isa = PBXFrameworksBuildPhase;
			buildActionMask = 2147483647;
			files = (
			);
			runOnlyForDeploymentPostprocessing = 0;
		};
		17C41A56212BBC6300779FCA /* Frameworks */ = {
			isa = PBXFrameworksBuildPhase;
			buildActionMask = 2147483647;
			files = (
			);
			runOnlyForDeploymentPostprocessing = 0;
		};
/* End PBXFrameworksBuildPhase section */

/* Begin PBXGroup section */
		17C41A31212BBC6100779FCA = {
			isa = PBXGroup;
			children = (
				17C41A3C212BBC6100779FCA /* tipper */,
				17C41A51212BBC6200779FCA /* tipperTests */,
				17C41A5C212BBC6300779FCA /* tipperUITests */,
				17C41A3B212BBC6100779FCA /* Products */,
			);
			sourceTree = "<group>";
		};
		17C41A3B212BBC6100779FCA /* Products */ = {
			isa = PBXGroup;
			children = (
				17C41A3A212BBC6100779FCA /* tipper.app */,
				17C41A4E212BBC6200779FCA /* tipperTests.xctest */,
				17C41A59212BBC6300779FCA /* tipperUITests.xctest */,
			);
			name = Products;
			sourceTree = "<group>";
		};
		17C41A3C212BBC6100779FCA /* tipper */ = {
			isa = PBXGroup;
			children = (
				17C41A3D212BBC6100779FCA /* AppDelegate.swift */,
				17C41A3F212BBC6100779FCA /* ViewController.swift */,
				17C41A41212BBC6100779FCA /* Main.storyboard */,
				17C41A44212BBC6200779FCA /* Assets.xcassets */,
				17C41A46212BBC6200779FCA /* LaunchScreen.storyboard */,
				17C41A49212BBC6200779FCA /* Info.plist */,
			);
			path = tipper;
			sourceTree = "<group>";
		};
		17C41A51212BBC6200779FCA /* tipperTests */ = {
			isa = PBXGroup;
			children = (
				17C41A52212BBC6200779FCA /* tipperTests.swift */,
				17C41A54212BBC6300779FCA /* Info.plist */,
			);
			path = tipperTests;
			sourceTree = "<group>";
		};
		17C41A5C212BBC6300779FCA /* tipperUITests */ = {
			isa = PBXGroup;
			children = (
				17C41A5D212BBC6300779FCA /* tipperUITests.swift */,
				17C41A5F212BBC6300779FCA /* Info.plist */,
			);
			path = tipperUITests;
			sourceTree = "<group>";
		};
/* End PBXGroup section */

/* Begin PBXNativeTarget section */
		17C41A39212BBC6100779FCA /* tipper */ = {
			isa = PBXNativeTarget;
			buildConfigurationList = 17C41A62212BBC6300779FCA /* Build configuration list for PBXNativeTarget "tipper" */;
			buildPhases = (
				17C41A36212BBC6100779FCA /* Sources */,
				17C41A37212BBC6100779FCA /* Frameworks */,
				17C41A38212BBC6100779FCA /* Resources */,
			);
			buildRules = (
			);
			dependencies = (
			);
			name = tipper;
			productName = tipper;
			productReference = 17C41A3A212BBC6100779FCA /* tipper.app */;
			productType = "com.apple.product-type.application";
		};
		17C41A4D212BBC6200779FCA /* tipperTests */ = {
			isa = PBXNativeTarget;
			buildConfigurationList = 17C41A65212BBC6300779FCA /* Build configuration list for PBXNativeTarget "tipperTests" */;
			buildPhases = (
				17C41A4A212BBC6200779FCA /* Sources */,
				17C41A4B212BBC6200779FCA /* Frameworks */,
				17C41A4C212BBC6200779FCA /* Resources */,
			);
			buildRules = (
			);
			dependencies = (
				17C41A50212BBC6200779FCA /* PBXTargetDependency */,
			);
			name = tipperTests;
			productName = tipperTests;
			productReference = 17C41A4E212BBC6200779FCA /* tipperTests.xctest */;
			productType = "com.apple.product-type.bundle.unit-test";
		};
		17C41A58212BBC6300779FCA /* tipperUITests */ = {
			isa = PBXNativeTarget;
			buildConfigurationList = 17C41A68212BBC6300779FCA /* Build configuration list for PBXNativeTarget "tipperUITests" */;
			buildPhases = (
				17C41A55212BBC6300779FCA /* Sources */,
				17C41A56212BBC6300779FCA /* Frameworks */,
				17C41A57212BBC6300779FCA /* Resources */,
			);
			buildRules = (
			);
			dependencies = (
				17C41A5B212BBC6300779FCA /* PBXTargetDependency */,
			);
			name = tipperUITests;
			productName = tipperUITests;
			productReference = 17C41A59212BBC6300779FCA /* tipperUITests.xctest */;
			productType = "com.apple.product-type.bundle.ui-testing";
		};
/* End PBXNativeTarget section */

/* Begin PBXProject section */
		17C41A32212BBC6100779FCA /* Project object */ = {
			isa = PBXProject;
			attributes = {
				LastSwiftUpdateCheck = 0940;
				LastUpgradeCheck = 0940;
				ORGANIZATIONNAME = "Ajinkya Nawarkar";
				TargetAttributes = {
					17C41A39212BBC6100779FCA = {
						CreatedOnToolsVersion = 9.4.1;
					};
					17C41A4D212BBC6200779FCA = {
						CreatedOnToolsVersion = 9.4.1;
						TestTargetID = 17C41A39212BBC6100779FCA;
					};
					17C41A58212BBC6300779FCA = {
						CreatedOnToolsVersion = 9.4.1;
						TestTargetID = 17C41A39212BBC6100779FCA;
					};
				};
			};
			buildConfigurationList = 17C41A35212BBC6100779FCA /* Build configuration list for PBXProject "tipper" */;
			compatibilityVersion = "Xcode 9.3";
			developmentRegion = en;
			hasScannedForEncodings = 0;
			knownRegions = (
				en,
				Base,
			);
			mainGroup = 17C41A31212BBC6100779FCA;
			productRefGroup = 17C41A3B212BBC6100779FCA /* Products */;
			projectDirPath = "";
			projectRoot = "";
			targets = (
				17C41A39212BBC6100779FCA /* tipper */,
				17C41A4D212BBC6200779FCA /* tipperTests */,
				17C41A58212BBC6300779FCA /* tipperUITests */,
			);
		};
/* End PBXProject section */

/* Begin PBXResourcesBuildPhase section */
		17C41A38212BBC6100779FCA /* Resources */ = {
			isa = PBXResourcesBuildPhase;
			buildActionMask = 2147483647;
			files = (
				17C41A48212BBC6200779FCA /* LaunchScreen.storyboard in Resources */,
				17C41A45212BBC6200779FCA /* Assets.xcassets in Resources */,
				17C41A43212BBC6100779FCA /* Main.storyboard in Resources */,
			);
			runOnlyForDeploymentPostprocessing = 0;
		};
		17C41A4C212BBC6200779FCA /* Resources */ = {
			isa = PBXResourcesBuildPhase;
			buildActionMask = 2147483647;
			files = (
			);
			runOnlyForDeploymentPostprocessing = 0;
		};
		17C41A57212BBC6300779FCA /* Resources */ = {
			isa = PBXResourcesBuildPhase;
			buildActionMask = 2147483647;
			files = (
			);
			runOnlyForDeploymentPostprocessing = 0;
		};
/* End PBXResourcesBuildPhase section */

/* Begin PBXSourcesBuildPhase section */
		17C41A36212BBC6100779FCA /* Sources */ = {
			isa = PBXSourcesBuildPhase;
			buildActionMask = 2147483647;
			files = (
				17C41A40212BBC6100779FCA /* ViewController.swift in Sources */,
				17C41A3E212BBC6100779FCA /* AppDelegate.swift in Sources */,
			);
			runOnlyForDeploymentPostprocessing = 0;
		};
		17C41A4A212BBC6200779FCA /* Sources */ = {
			isa = PBXSourcesBuildPhase;
			buildActionMask = 2147483647;
			files = (
				17C41A53212BBC6200779FCA /* tipperTests.swift in Sources */,
			);
			runOnlyForDeploymentPostprocessing = 0;
		};
		17C41A55212BBC6300779FCA /* Sources */ = {
			isa = PBXSourcesBuildPhase;
			buildActionMask = 2147483647;
			files = (
				17C41A5E212BBC6300779FCA /* tipperUITests.swift in Sources */,
			);
			runOnlyForDeploymentPostprocessing = 0;
		};
/* End PBXSourcesBuildPhase section */

/* Begin PBXTargetDependency section */
		17C41A50212BBC6200779FCA /* PBXTargetDependency */ = {
			isa = PBXTargetDependency;
			target = 17C41A39212BBC6100779FCA /* tipper */;
			targetProxy = 17C41A4F212BBC6200779FCA /* PBXContainerItemProxy */;
		};
		17C41A5B212BBC6300779FCA /* PBXTargetDependency */ = {
			isa = PBXTargetDependency;
			target = 17C41A39212BBC6100779FCA /* tipper */;
			targetProxy = 17C41A5A212BBC6300779FCA /* PBXContainerItemProxy */;
		};
/* End PBXTargetDependency section */

/* Begin PBXVariantGroup section */
		17C41A41212BBC6100779FCA /* Main.storyboard */ = {
			isa = PBXVariantGroup;
			children = (
				17C41A42212BBC6100779FCA /* Base */,
			);
			name = Main.storyboard;
			sourceTree = "<group>";
		};
		17C41A46212BBC6200779FCA /* LaunchScreen.storyboard */ = {
			isa = PBXVariantGroup;
			children = (
				17C41A47212BBC6200779FCA /* Base */,
			);
			name = LaunchScreen.storyboard;
			sourceTree = "<group>";
		};
/* End PBXVariantGroup section */

/* Begin XCBuildConfiguration section */
		17C41A60212BBC6300779FCA /* Debug */ = {
			isa = XCBuildConfiguration;
			buildSettings = {
				ALWAYS_SEARCH_USER_PATHS = NO;
				CLANG_ANALYZER_NONNULL = YES;
				CLANG_ANALYZER_NUMBER_OBJECT_CONVERSION = YES_AGGRESSIVE;
				CLANG_CXX_LANGUAGE_STANDARD = "gnu++14";
				CLANG_CXX_LIBRARY = "libc++";
				CLANG_ENABLE_MODULES = YES;
				CLANG_ENABLE_OBJC_ARC = YES;
				CLANG_ENABLE_OBJC_WEAK = YES;
				CLANG_WARN_BLOCK_CAPTURE_AUTORELEASING = YES;
				CLANG_WARN_BOOL_CONVERSION = YES;
				CLANG_WARN_COMMA = YES;
				CLANG_WARN_CONSTANT_CONVERSION = YES;
				CLANG_WARN_DEPRECATED_OBJC_IMPLEMENTATIONS = YES;
				CLANG_WARN_DIRECT_OBJC_ISA_USAGE = YES_ERROR;
				CLANG_WARN_DOCUMENTATION_COMMENTS = YES;
				CLANG_WARN_EMPTY_BODY = YES;
				CLANG_WARN_ENUM_CONVERSION = YES;
				CLANG_WARN_INFINITE_RECURSION = YES;
				CLANG_WARN_INT_CONVERSION = YES;
				CLANG_WARN_NON_LITERAL_NULL_CONVERSION = YES;
				CLANG_WARN_OBJC_IMPLICIT_RETAIN_SELF = YES;
				CLANG_WARN_OBJC_LITERAL_CONVERSION = YES;
				CLANG_WARN_OBJC_ROOT_CLASS = YES_ERROR;
				CLANG_WARN_RANGE_LOOP_ANALYSIS = YES;
				CLANG_WARN_STRICT_PROTOTYPES = YES;
				CLANG_WARN_SUSPICIOUS_MOVE = YES;
				CLANG_WARN_UNGUARDED_AVAILABILITY = YES_AGGRESSIVE;
				CLANG_WARN_UNREACHABLE_CODE = YES;
				CLANG_WARN__DUPLICATE_METHOD_MATCH = YES;
				CODE_SIGN_IDENTITY = "iPhone Developer";
				COPY_PHASE_STRIP = NO;
				DEBUG_INFORMATION_FORMAT = dwarf;
				ENABLE_STRICT_OBJC_MSGSEND = YES;
				ENABLE_TESTABILITY = YES;
				GCC_C_LANGUAGE_STANDARD = gnu11;
				GCC_DYNAMIC_NO_PIC = NO;
				GCC_NO_COMMON_BLOCKS = YES;
				GCC_OPTIMIZATION_LEVEL = 0;
				GCC_PREPROCESSOR_DEFINITIONS = (
					"DEBUG=1",
					"$(inherited)",
				);
				GCC_WARN_64_TO_32_BIT_CONVERSION = YES;
				GCC_WARN_ABOUT_RETURN_TYPE = YES_ERROR;
				GCC_WARN_UNDECLARED_SELECTOR = YES;
				GCC_WARN_UNINITIALIZED_AUTOS = YES_AGGRESSIVE;
				GCC_WARN_UNUSED_FUNCTION = YES;
				GCC_WARN_UNUSED_VARIABLE = YES;
				IPHONEOS_DEPLOYMENT_TARGET = 11.4;
				MTL_ENABLE_DEBUG_INFO = YES;
				ONLY_ACTIVE_ARCH = YES;
				SDKROOT = iphoneos;
				SWIFT_ACTIVE_COMPILATION_CONDITIONS = DEBUG;
				SWIFT_OPTIMIZATION_LEVEL = "-Onone";
			};
			name = Debug;
		};
		17C41A61212BBC6300779FCA /* Release */ = {
			isa = XCBuildConfiguration;
			buildSettings = {
				ALWAYS_SEARCH_USER_PATHS = NO;
				CLANG_ANALYZER_NONNULL = YES;
				CLANG_ANALYZER_NUMBER_OBJECT_CONVERSION = YES_AGGRESSIVE;
				CLANG_CXX_LANGUAGE_STANDARD = "gnu++14";
				CLANG_CXX_LIBRARY = "libc++";
				CLANG_ENABLE_MODULES = YES;
				CLANG_ENABLE_OBJC_ARC = YES;
				CLANG_ENABLE_OBJC_WEAK = YES;
				CLANG_WARN_BLOCK_CAPTURE_AUTORELEASING = YES;
				CLANG_WARN_BOOL_CONVERSION = YES;
				CLANG_WARN_COMMA = YES;
				CLANG_WARN_CONSTANT_CONVERSION = YES;
				CLANG_WARN_DEPRECATED_OBJC_IMPLEMENTATIONS = YES;
				CLANG_WARN_DIRECT_OBJC_ISA_USAGE = YES_ERROR;
				CLANG_WARN_DOCUMENTATION_COMMENTS = YES;
				CLANG_WARN_EMPTY_BODY = YES;
				CLANG_WARN_ENUM_CONVERSION = YES;
				CLANG_WARN_INFINITE_RECURSION = YES;
				CLANG_WARN_INT_CONVERSION = YES;
				CLANG_WARN_NON_LITERAL_NULL_CONVERSION = YES;
				CLANG_WARN_OBJC_IMPLICIT_RETAIN_SELF = YES;
				CLANG_WARN_OBJC_LITERAL_CONVERSION = YES;
				CLANG_WARN_OBJC_ROOT_CLASS = YES_ERROR;
				CLANG_WARN_RANGE_LOOP_ANALYSIS = YES;
				CLANG_WARN_STRICT_PROTOTYPES = YES;
				CLANG_WARN_SUSPICIOUS_MOVE = YES;
				CLANG_WARN_UNGUARDED_AVAILABILITY = YES_AGGRESSIVE;
				CLANG_WARN_UNREACHABLE_CODE = YES;
				CLANG_WARN__DUPLICATE_METHOD_MATCH = YES;
				CODE_SIGN_IDENTITY = "iPhone Developer";
				COPY_PHASE_STRIP = NO;
				DEBUG_INFORMATION_FORMAT = "dwarf-with-dsym";
				ENABLE_NS_ASSERTIONS = NO;
				ENABLE_STRICT_OBJC_MSGSEND = YES;
				GCC_C_LANGUAGE_STANDARD = gnu11;
				GCC_NO_COMMON_BLOCKS = YES;
				GCC_WARN_64_TO_32_BIT_CONVERSION = YES;
				GCC_WARN_ABOUT_RETURN_TYPE = YES_ERROR;
				GCC_WARN_UNDECLARED_SELECTOR = YES;
				GCC_WARN_UNINITIALIZED_AUTOS = YES_AGGRESSIVE;
				GCC_WARN_UNUSED_FUNCTION = YES;
				GCC_WARN_UNUSED_VARIABLE = YES;
				IPHONEOS_DEPLOYMENT_TARGET = 11.4;
				MTL_ENABLE_DEBUG_INFO = NO;
				SDKROOT = iphoneos;
				SWIFT_COMPILATION_MODE = wholemodule;
				SWIFT_OPTIMIZATION_LEVEL = "-O";
				VALIDATE_PRODUCT = YES;
			};
			name = Release;
		};
		17C41A63212BBC6300779FCA /* Debug */ = {
			isa = XCBuildConfiguration;
			buildSettings = {
				ASSETCATALOG_COMPILER_APPICON_NAME = AppIcon;
				CODE_SIGN_STYLE = Automatic;
				INFOPLIST_FILE = tipper/Info.plist;
				LD_RUNPATH_SEARCH_PATHS = (
					"$(inherited)",
					"@executable_path/Frameworks",
				);
				PRODUCT_BUNDLE_IDENTIFIER = com.codepath.tipper;
				PRODUCT_NAME = "$(TARGET_NAME)";
				SWIFT_VERSION = 4.0;
				TARGETED_DEVICE_FAMILY = 1;
			};
			name = Debug;
		};
		17C41A64212BBC6300779FCA /* Release */ = {
			isa = XCBuildConfiguration;
			buildSettings = {
				ASSETCATALOG_COMPILER_APPICON_NAME = AppIcon;
				CODE_SIGN_STYLE = Automatic;
				INFOPLIST_FILE = tipper/Info.plist;
				LD_RUNPATH_SEARCH_PATHS = (
					"$(inherited)",
					"@executable_path/Frameworks",
				);
				PRODUCT_BUNDLE_IDENTIFIER = com.codepath.tipper;
				PRODUCT_NAME = "$(TARGET_NAME)";
				SWIFT_VERSION = 4.0;
				TARGETED_DEVICE_FAMILY = 1;
			};
			name = Release;
		};
		17C41A66212BBC6300779FCA /* Debug */ = {
			isa = XCBuildConfiguration;
			buildSettings = {
				ALWAYS_EMBED_SWIFT_STANDARD_LIBRARIES = YES;
				BUNDLE_LOADER = "$(TEST_HOST)";
				CODE_SIGN_STYLE = Automatic;
				INFOPLIST_FILE = tipperTests/Info.plist;
				LD_RUNPATH_SEARCH_PATHS = (
					"$(inherited)",
					"@executable_path/Frameworks",
					"@loader_path/Frameworks",
				);
				PRODUCT_BUNDLE_IDENTIFIER = Ajinkya.tipperTests;
				PRODUCT_NAME = "$(TARGET_NAME)";
				SWIFT_VERSION = 4.0;
				TARGETED_DEVICE_FAMILY = "1,2";
				TEST_HOST = "$(BUILT_PRODUCTS_DIR)/tipper.app/tipper";
			};
			name = Debug;
		};
		17C41A67212BBC6300779FCA /* Release */ = {
			isa = XCBuildConfiguration;
			buildSettings = {
				ALWAYS_EMBED_SWIFT_STANDARD_LIBRARIES = YES;
				BUNDLE_LOADER = "$(TEST_HOST)";
				CODE_SIGN_STYLE = Automatic;
				INFOPLIST_FILE = tipperTests/Info.plist;
				LD_RUNPATH_SEARCH_PATHS = (
					"$(inherited)",
					"@executable_path/Frameworks",
					"@loader_path/Frameworks",
				);
				PRODUCT_BUNDLE_IDENTIFIER = Ajinkya.tipperTests;
				PRODUCT_NAME = "$(TARGET_NAME)";
				SWIFT_VERSION = 4.0;
				TARGETED_DEVICE_FAMILY = "1,2";
				TEST_HOST = "$(BUILT_PRODUCTS_DIR)/tipper.app/tipper";
			};
			name = Release;
		};
		17C41A69212BBC6300779FCA /* Debug */ = {
			isa = XCBuildConfiguration;
			buildSettings = {
				ALWAYS_EMBED_SWIFT_STANDARD_LIBRARIES = YES;
				CODE_SIGN_STYLE = Automatic;
				INFOPLIST_FILE = tipperUITests/Info.plist;
				LD_RUNPATH_SEARCH_PATHS = (
					"$(inherited)",
					"@executable_path/Frameworks",
					"@loader_path/Frameworks",
				);
				PRODUCT_BUNDLE_IDENTIFIER = Ajinkya.tipperUITests;
				PRODUCT_NAME = "$(TARGET_NAME)";
				SWIFT_VERSION = 4.0;
				TARGETED_DEVICE_FAMILY = "1,2";
				TEST_TARGET_NAME = tipper;
			};
			name = Debug;
		};
		17C41A6A212BBC6300779FCA /* Release */ = {
			isa = XCBuildConfiguration;
			buildSettings = {
				ALWAYS_EMBED_SWIFT_STANDARD_LIBRARIES = YES;
				CODE_SIGN_STYLE = Automatic;
				INFOPLIST_FILE = tipperUITests/Info.plist;
				LD_RUNPATH_SEARCH_PATHS = (
					"$(inherited)",
					"@executable_path/Frameworks",
					"@loader_path/Frameworks",
				);
				PRODUCT_BUNDLE_IDENTIFIER = Ajinkya.tipperUITests;
				PRODUCT_NAME = "$(TARGET_NAME)";
				SWIFT_VERSION = 4.0;
				TARGETED_DEVICE_FAMILY = "1,2";
				TEST_TARGET_NAME = tipper;
			};
			name = Release;
		};
/* End XCBuildConfiguration section */

/* Begin XCConfigurationList section */
		17C41A35212BBC6100779FCA /* Build configuration list for PBXProject "tipper" */ = {
			isa = XCConfigurationList;
			buildConfigurations = (
				17C41A60212BBC6300779FCA /* Debug */,
				17C41A61212BBC6300779FCA /* Release */,
			);
			defaultConfigurationIsVisible = 0;
			defaultConfigurationName = Release;
		};
		17C41A62212BBC6300779FCA /* Build configuration list for PBXNativeTarget "tipper" */ = {
			isa = XCConfigurationList;
			buildConfigurations = (
				17C41A63212BBC6300779FCA /* Debug */,
				17C41A64212BBC6300779FCA /* Release */,
			);
			defaultConfigurationIsVisible = 0;
			defaultConfigurationName = Release;
		};
		17C41A65212BBC6300779FCA /* Build configuration list for PBXNativeTarget "tipperTests" */ = {
			isa = XCConfigurationList;
			buildConfigurations = (
				17C41A66212BBC6300779FCA /* Debug */,
				17C41A67212BBC6300779FCA /* Release */,
			);
			defaultConfigurationIsVisible = 0;
			defaultConfigurationName = Release;
		};
		17C41A68212BBC6300779FCA /* Build configuration list for PBXNativeTarget "tipperUITests" */ = {
			isa = XCConfigurationList;
			buildConfigurations = (
				17C41A69212BBC6300779FCA /* Debug */,
				17C41A6A212BBC6300779FCA /* Release */,
			);
			defaultConfigurationIsVisible = 0;
			defaultConfigurationName = Release;
		};
/* End XCConfigurationList section */
	};
	rootObject = 17C41A32212BBC6100779FCA /* Project object */;
}
